// !$*UTF8*$!
{
	archiveVersion = 1;
	classes = {
	};
	objectVersion = 56;
	objects = {

/* Begin PBXBuildFile section */
		6EFF0B5F2C67A1FF00DB80DC /* ResultView.swift in Sources */ = {isa = PBXBuildFile; fileRef = 6EFF0B5E2C67A1FF00DB80DC /* ResultView.swift */; };
		6EFF0B612C67BC5F00DB80DC /* Pretendard-Medium.otf in Resources */ = {isa = PBXBuildFile; fileRef = 6EFF0B602C67BC5F00DB80DC /* Pretendard-Medium.otf */; };
		6EFF0B632C67BC8D00DB80DC /* Pretendard-Regular.otf in Resources */ = {isa = PBXBuildFile; fileRef = 6EFF0B622C67BC8D00DB80DC /* Pretendard-Regular.otf */; };
		6EFF0B652C67BCF500DB80DC /* Pretendard-Light.otf in Resources */ = {isa = PBXBuildFile; fileRef = 6EFF0B642C67BCF500DB80DC /* Pretendard-Light.otf */; };
		6EFF0B672C67C2D700DB80DC /* Pretendard-Bold.otf in Resources */ = {isa = PBXBuildFile; fileRef = 6EFF0B662C67C2D700DB80DC /* Pretendard-Bold.otf */; };
		6EFF0B692C67CCCF00DB80DC /* ResultItem.swift in Sources */ = {isa = PBXBuildFile; fileRef = 6EFF0B682C67CCCF00DB80DC /* ResultItem.swift */; };
		F3B26F9A2C65ED10007CAB21 /* AppView.swift in Sources */ = {isa = PBXBuildFile; fileRef = F3B26F992C65ED10007CAB21 /* AppView.swift */; };
		F3B26F9C2C65ED10007CAB21 /* ContentView.swift in Sources */ = {isa = PBXBuildFile; fileRef = F3B26F9B2C65ED10007CAB21 /* ContentView.swift */; };
		F3B26F9E2C65ED11007CAB21 /* Assets.xcassets in Resources */ = {isa = PBXBuildFile; fileRef = F3B26F9D2C65ED11007CAB21 /* Assets.xcassets */; };
		F3B26FA12C65ED11007CAB21 /* Preview Assets.xcassets in Resources */ = {isa = PBXBuildFile; fileRef = F3B26FA02C65ED11007CAB21 /* Preview Assets.xcassets */; };
		F3B26FAD2C65F6DF007CAB21 /* MogoModel.swift in Sources */ = {isa = PBXBuildFile; fileRef = F3B26FAC2C65F6DF007CAB21 /* MogoModel.swift */; };
		F3B26FB32C65F8AC007CAB21 /* BreaView.swift in Sources */ = {isa = PBXBuildFile; fileRef = F3B26FB22C65F8AC007CAB21 /* BreaView.swift */; };
		F3B26FB82C65F8FB007CAB21 /* IOView.swift in Sources */ = {isa = PBXBuildFile; fileRef = F3B26FB72C65F8FB007CAB21 /* IOView.swift */; };
		F3B26FBC2C65F936007CAB21 /* ShapeStyle+Color.swift in Sources */ = {isa = PBXBuildFile; fileRef = F3B26FBB2C65F936007CAB21 /* ShapeStyle+Color.swift */; };
		F3B26FBE2C65F950007CAB21 /* View+MogoFont.swift in Sources */ = {isa = PBXBuildFile; fileRef = F3B26FBD2C65F950007CAB21 /* View+MogoFont.swift */; };
		F3B26FC02C671959007CAB21 /* BarcodeScannerView.swift in Sources */ = {isa = PBXBuildFile; fileRef = F3B26FBF2C671959007CAB21 /* BarcodeScannerView.swift */; };
		F3B26FC22C672643007CAB21 /* DataRepository.swift in Sources */ = {isa = PBXBuildFile; fileRef = F3B26FC12C672643007CAB21 /* DataRepository.swift */; };
		F3B26FC52C6726C6007CAB21 /* Readable.swift in Sources */ = {isa = PBXBuildFile; fileRef = F3B26FC42C6726C6007CAB21 /* Readable.swift */; };
		F3B26FCC2C6750CC007CAB21 /* OnBoardingView.swift in Sources */ = {isa = PBXBuildFile; fileRef = F3B26FCB2C6750CC007CAB21 /* OnBoardingView.swift */; };
		F3B26FD62C677A0E007CAB21 /* Urbanist-Bold.ttf in Resources */ = {isa = PBXBuildFile; fileRef = F3B26FD52C677923007CAB21 /* Urbanist-Bold.ttf */; };
		F3B26FD72C677A0E007CAB21 /* Urbanist-SemiBold.ttf in Resources */ = {isa = PBXBuildFile; fileRef = F3B26FD42C677923007CAB21 /* Urbanist-SemiBold.ttf */; };
		F3B26FD92C677CDF007CAB21 /* CustomPicker.swift in Sources */ = {isa = PBXBuildFile; fileRef = F3B26FD82C677CDF007CAB21 /* CustomPicker.swift */; };
		F3B26FDB2C6791B1007CAB21 /* MainView.swift in Sources */ = {isa = PBXBuildFile; fileRef = F3B26FDA2C6791B1007CAB21 /* MainView.swift */; };
		F3B26FDF2C679A82007CAB21 /* StoreKey.swift in Sources */ = {isa = PBXBuildFile; fileRef = F3B26FDE2C679A82007CAB21 /* StoreKey.swift */; };
		F3B26FE32C67B2D5007CAB21 /* BabyViewState.swift in Sources */ = {isa = PBXBuildFile; fileRef = F3B26FE22C67B2D5007CAB21 /* BabyViewState.swift */; };
		F3B26FE52C67B5D9007CAB21 /* Urbanist-Medium.ttf in Resources */ = {isa = PBXBuildFile; fileRef = F3B26FE42C67B5C0007CAB21 /* Urbanist-Medium.ttf */; };
		F3B26FE82C67D3A4007CAB21 /* BabyTalk.swift in Sources */ = {isa = PBXBuildFile; fileRef = F3B26FE72C67D3A4007CAB21 /* BabyTalk.swift */; };
		F3B26FEA2C67F357007CAB21 /* Rambla-Bold.ttf in Resources */ = {isa = PBXBuildFile; fileRef = F3B26FE12C67A21C007CAB21 /* Rambla-Bold.ttf */; };
		F3B26FEC2C67F522007CAB21 /* PregnantState.swift in Sources */ = {isa = PBXBuildFile; fileRef = F3B26FEB2C67F522007CAB21 /* PregnantState.swift */; };
/* End PBXBuildFile section */

/* Begin PBXFileReference section */
		6EFF0B5C2C67A1EC00DB80DC /* Rambla-Bold.ttf */ = {isa = PBXFileReference; lastKnownFileType = file; path = "Rambla-Bold.ttf"; sourceTree = "<group>"; };
		6EFF0B5E2C67A1FF00DB80DC /* ResultView.swift */ = {isa = PBXFileReference; lastKnownFileType = sourcecode.swift; path = ResultView.swift; sourceTree = "<group>"; };
		6EFF0B602C67BC5F00DB80DC /* Pretendard-Medium.otf */ = {isa = PBXFileReference; lastKnownFileType = file; path = "Pretendard-Medium.otf"; sourceTree = "<group>"; };
		6EFF0B622C67BC8D00DB80DC /* Pretendard-Regular.otf */ = {isa = PBXFileReference; lastKnownFileType = file; path = "Pretendard-Regular.otf"; sourceTree = "<group>"; };
		6EFF0B642C67BCF500DB80DC /* Pretendard-Light.otf */ = {isa = PBXFileReference; lastKnownFileType = file; path = "Pretendard-Light.otf"; sourceTree = "<group>"; };
		6EFF0B662C67C2D700DB80DC /* Pretendard-Bold.otf */ = {isa = PBXFileReference; lastKnownFileType = file; path = "Pretendard-Bold.otf"; sourceTree = "<group>"; };
		6EFF0B682C67CCCF00DB80DC /* ResultItem.swift */ = {isa = PBXFileReference; lastKnownFileType = sourcecode.swift; path = ResultItem.swift; sourceTree = "<group>"; };
		F3B26F962C65ED10007CAB21 /* MOGO.app */ = {isa = PBXFileReference; explicitFileType = wrapper.application; includeInIndex = 0; path = MOGO.app; sourceTree = BUILT_PRODUCTS_DIR; };
		F3B26F992C65ED10007CAB21 /* AppView.swift */ = {isa = PBXFileReference; lastKnownFileType = sourcecode.swift; path = AppView.swift; sourceTree = "<group>"; };
		F3B26F9B2C65ED10007CAB21 /* ContentView.swift */ = {isa = PBXFileReference; lastKnownFileType = sourcecode.swift; path = ContentView.swift; sourceTree = "<group>"; };
		F3B26F9D2C65ED11007CAB21 /* Assets.xcassets */ = {isa = PBXFileReference; lastKnownFileType = folder.assetcatalog; path = Assets.xcassets; sourceTree = "<group>"; };
		F3B26FA02C65ED11007CAB21 /* Preview Assets.xcassets */ = {isa = PBXFileReference; lastKnownFileType = folder.assetcatalog; path = "Preview Assets.xcassets"; sourceTree = "<group>"; };
		F3B26FAC2C65F6DF007CAB21 /* MogoModel.swift */ = {isa = PBXFileReference; lastKnownFileType = sourcecode.swift; path = MogoModel.swift; sourceTree = "<group>"; };
		F3B26FB22C65F8AC007CAB21 /* BreaView.swift */ = {isa = PBXFileReference; lastKnownFileType = sourcecode.swift; path = BreaView.swift; sourceTree = "<group>"; };
		F3B26FB72C65F8FB007CAB21 /* IOView.swift */ = {isa = PBXFileReference; lastKnownFileType = sourcecode.swift; path = IOView.swift; sourceTree = "<group>"; };
		F3B26FBB2C65F936007CAB21 /* ShapeStyle+Color.swift */ = {isa = PBXFileReference; lastKnownFileType = sourcecode.swift; path = "ShapeStyle+Color.swift"; sourceTree = "<group>"; };
		F3B26FBD2C65F950007CAB21 /* View+MogoFont.swift */ = {isa = PBXFileReference; lastKnownFileType = sourcecode.swift; path = "View+MogoFont.swift"; sourceTree = "<group>"; };
		F3B26FBF2C671959007CAB21 /* BarcodeScannerView.swift */ = {isa = PBXFileReference; lastKnownFileType = sourcecode.swift; path = BarcodeScannerView.swift; sourceTree = "<group>"; };
		F3B26FC12C672643007CAB21 /* DataRepository.swift */ = {isa = PBXFileReference; lastKnownFileType = sourcecode.swift; path = DataRepository.swift; sourceTree = "<group>"; };
		F3B26FC42C6726C6007CAB21 /* Readable.swift */ = {isa = PBXFileReference; lastKnownFileType = sourcecode.swift; path = Readable.swift; sourceTree = "<group>"; };
		F3B26FCB2C6750CC007CAB21 /* OnBoardingView.swift */ = {isa = PBXFileReference; lastKnownFileType = sourcecode.swift; path = OnBoardingView.swift; sourceTree = "<group>"; };
		F3B26FD32C677839007CAB21 /* Info.plist */ = {isa = PBXFileReference; lastKnownFileType = text.plist; path = Info.plist; sourceTree = "<group>"; };
		F3B26FD42C677923007CAB21 /* Urbanist-SemiBold.ttf */ = {isa = PBXFileReference; lastKnownFileType = file; path = "Urbanist-SemiBold.ttf"; sourceTree = "<group>"; };
		F3B26FD52C677923007CAB21 /* Urbanist-Bold.ttf */ = {isa = PBXFileReference; lastKnownFileType = file; path = "Urbanist-Bold.ttf"; sourceTree = "<group>"; };
		F3B26FD82C677CDF007CAB21 /* CustomPicker.swift */ = {isa = PBXFileReference; lastKnownFileType = sourcecode.swift; path = CustomPicker.swift; sourceTree = "<group>"; };
		F3B26FDA2C6791B1007CAB21 /* MainView.swift */ = {isa = PBXFileReference; lastKnownFileType = sourcecode.swift; path = MainView.swift; sourceTree = "<group>"; };
		F3B26FDE2C679A82007CAB21 /* StoreKey.swift */ = {isa = PBXFileReference; lastKnownFileType = sourcecode.swift; path = StoreKey.swift; sourceTree = "<group>"; };
		F3B26FE12C67A21C007CAB21 /* Rambla-Bold.ttf */ = {isa = PBXFileReference; lastKnownFileType = file; path = "Rambla-Bold.ttf"; sourceTree = "<group>"; };
		F3B26FE22C67B2D5007CAB21 /* BabyViewState.swift */ = {isa = PBXFileReference; lastKnownFileType = sourcecode.swift; path = BabyViewState.swift; sourceTree = "<group>"; };
		F3B26FE42C67B5C0007CAB21 /* Urbanist-Medium.ttf */ = {isa = PBXFileReference; lastKnownFileType = file; path = "Urbanist-Medium.ttf"; sourceTree = "<group>"; };
		F3B26FE72C67D3A4007CAB21 /* BabyTalk.swift */ = {isa = PBXFileReference; lastKnownFileType = sourcecode.swift; path = BabyTalk.swift; sourceTree = "<group>"; };
		F3B26FEB2C67F522007CAB21 /* PregnantState.swift */ = {isa = PBXFileReference; lastKnownFileType = sourcecode.swift; path = PregnantState.swift; sourceTree = "<group>"; };
/* End PBXFileReference section */

/* Begin PBXFrameworksBuildPhase section */
		F3B26F932C65ED10007CAB21 /* Frameworks */ = {
			isa = PBXFrameworksBuildPhase;
			buildActionMask = 2147483647;
			files = (
			);
			runOnlyForDeploymentPostprocessing = 0;
		};
/* End PBXFrameworksBuildPhase section */

/* Begin PBXGroup section */
		F3B26F8D2C65ED10007CAB21 = {
			isa = PBXGroup;
			children = (
				F3B26F982C65ED10007CAB21 /* MOGO */,
				F3B26F972C65ED10007CAB21 /* Products */,
				F3B26FE92C67F319007CAB21 /* Recovered References */,
			);
			sourceTree = "<group>";
		};
		F3B26F972C65ED10007CAB21 /* Products */ = {
			isa = PBXGroup;
			children = (
				F3B26F962C65ED10007CAB21 /* MOGO.app */,
			);
			name = Products;
			sourceTree = "<group>";
		};
		F3B26F982C65ED10007CAB21 /* MOGO */ = {
			isa = PBXGroup;
			children = (
				F3B26FD32C677839007CAB21 /* Info.plist */,
				F3B26FD12C6776CF007CAB21 /* Font */,
				F3B26FA92C65F6BA007CAB21 /* App */,
				F3B26FAB2C65F6C1007CAB21 /* Views */,
				F3B26FAF2C65F875007CAB21 /* DesignSystem */,
				F3B26FAA2C65F6BD007CAB21 /* Model */,
				F3B26FAE2C65F79A007CAB21 /* Data */,
				F3B26F9D2C65ED11007CAB21 /* Assets.xcassets */,
				F3B26F9F2C65ED11007CAB21 /* Preview Content */,
			);
			path = MOGO;
			sourceTree = "<group>";
		};
		F3B26F9F2C65ED11007CAB21 /* Preview Content */ = {
			isa = PBXGroup;
			children = (
				F3B26FA02C65ED11007CAB21 /* Preview Assets.xcassets */,
			);
			path = "Preview Content";
			sourceTree = "<group>";
		};
		F3B26FA92C65F6BA007CAB21 /* App */ = {
			isa = PBXGroup;
			children = (
				F3B26F992C65ED10007CAB21 /* AppView.swift */,
			);
			path = App;
			sourceTree = "<group>";
		};
		F3B26FAA2C65F6BD007CAB21 /* Model */ = {
			isa = PBXGroup;
			children = (
				F3B26FAC2C65F6DF007CAB21 /* MogoModel.swift */,
				F3B26FE22C67B2D5007CAB21 /* BabyViewState.swift */,
				F3B26FE72C67D3A4007CAB21 /* BabyTalk.swift */,
				6EFF0B682C67CCCF00DB80DC /* ResultItem.swift */,
				F3B26FEB2C67F522007CAB21 /* PregnantState.swift */,
			);
			path = Model;
			sourceTree = "<group>";
		};
		F3B26FAB2C65F6C1007CAB21 /* Views */ = {
			isa = PBXGroup;
			children = (
				F3B26FB62C65F8F0007CAB21 /* IO */,
				F3B26FB12C65F89C007CAB21 /* Brea */,
				F3B26FB02C65F894007CAB21 /* Bono */,
			);
			path = Views;
			sourceTree = "<group>";
		};
		F3B26FAE2C65F79A007CAB21 /* Data */ = {
			isa = PBXGroup;
			children = (
				F3B26FC62C672839007CAB21 /* Mock */,
				F3B26FC32C6726B7007CAB21 /* Readable */,
				F3B26FC12C672643007CAB21 /* DataRepository.swift */,
				F3B26FDE2C679A82007CAB21 /* StoreKey.swift */,
			);
			path = Data;
			sourceTree = "<group>";
		};
		F3B26FAF2C65F875007CAB21 /* DesignSystem */ = {
			isa = PBXGroup;
			children = (
				F3B26FBB2C65F936007CAB21 /* ShapeStyle+Color.swift */,
				F3B26FBD2C65F950007CAB21 /* View+MogoFont.swift */,
			);
			path = DesignSystem;
			sourceTree = "<group>";
		};
		F3B26FB02C65F894007CAB21 /* Bono */ = {
			isa = PBXGroup;
			children = (
				F3B26F9B2C65ED10007CAB21 /* ContentView.swift */,
				F3B26FBF2C671959007CAB21 /* BarcodeScannerView.swift */,
				F3B26FCB2C6750CC007CAB21 /* OnBoardingView.swift */,
				F3B26FD82C677CDF007CAB21 /* CustomPicker.swift */,
				F3B26FDA2C6791B1007CAB21 /* MainView.swift */,
			);
			path = Bono;
			sourceTree = "<group>";
		};
		F3B26FB12C65F89C007CAB21 /* Brea */ = {
			isa = PBXGroup;
			children = (
				F3B26FB22C65F8AC007CAB21 /* BreaView.swift */,
				6EFF0B5E2C67A1FF00DB80DC /* ResultView.swift */,
			);
			path = Brea;
			sourceTree = "<group>";
		};
		F3B26FB62C65F8F0007CAB21 /* IO */ = {
			isa = PBXGroup;
			children = (
				F3B26FB72C65F8FB007CAB21 /* IOView.swift */,
			);
			path = IO;
			sourceTree = "<group>";
		};
		F3B26FC32C6726B7007CAB21 /* Readable */ = {
			isa = PBXGroup;
			children = (
				F3B26FC42C6726C6007CAB21 /* Readable.swift */,
			);
			path = Readable;
			sourceTree = "<group>";
		};
		F3B26FC62C672839007CAB21 /* Mock */ = {
			isa = PBXGroup;
			children = (
			);
			path = Mock;
			sourceTree = "<group>";
		};
		F3B26FD12C6776CF007CAB21 /* Font */ = {
			isa = PBXGroup;
			children = (
				F3B26FE42C67B5C0007CAB21 /* Urbanist-Medium.ttf */,
				F3B26FE12C67A21C007CAB21 /* Rambla-Bold.ttf */,
				6EFF0B662C67C2D700DB80DC /* Pretendard-Bold.otf */,
				6EFF0B642C67BCF500DB80DC /* Pretendard-Light.otf */,
				6EFF0B622C67BC8D00DB80DC /* Pretendard-Regular.otf */,
				6EFF0B602C67BC5F00DB80DC /* Pretendard-Medium.otf */,
				F3B26FD52C677923007CAB21 /* Urbanist-Bold.ttf */,
				F3B26FD42C677923007CAB21 /* Urbanist-SemiBold.ttf */,
			);
			path = Font;
			sourceTree = "<group>";
		};
		F3B26FE92C67F319007CAB21 /* Recovered References */ = {
			isa = PBXGroup;
			children = (
				6EFF0B5C2C67A1EC00DB80DC /* Rambla-Bold.ttf */,
			);
			name = "Recovered References";
			sourceTree = "<group>";
		};
/* End PBXGroup section */

/* Begin PBXNativeTarget section */
		F3B26F952C65ED10007CAB21 /* MOGO */ = {
			isa = PBXNativeTarget;
			buildConfigurationList = F3B26FA42C65ED11007CAB21 /* Build configuration list for PBXNativeTarget "MOGO" */;
			buildPhases = (
				F3B26F922C65ED10007CAB21 /* Sources */,
				F3B26F932C65ED10007CAB21 /* Frameworks */,
				F3B26F942C65ED10007CAB21 /* Resources */,
			);
			buildRules = (
			);
			dependencies = (
			);
			name = MOGO;
			productName = MOGO;
			productReference = F3B26F962C65ED10007CAB21 /* MOGO.app */;
			productType = "com.apple.product-type.application";
		};
/* End PBXNativeTarget section */

/* Begin PBXProject section */
		F3B26F8E2C65ED10007CAB21 /* Project object */ = {
			isa = PBXProject;
			attributes = {
				BuildIndependentTargetsInParallel = 1;
				LastSwiftUpdateCheck = 1540;
				LastUpgradeCheck = 1540;
				TargetAttributes = {
					F3B26F952C65ED10007CAB21 = {
						CreatedOnToolsVersion = 15.4;
					};
				};
			};
			buildConfigurationList = F3B26F912C65ED10007CAB21 /* Build configuration list for PBXProject "MOGO" */;
			compatibilityVersion = "Xcode 14.0";
			developmentRegion = en;
			hasScannedForEncodings = 0;
			knownRegions = (
				en,
				Base,
			);
			mainGroup = F3B26F8D2C65ED10007CAB21;
			productRefGroup = F3B26F972C65ED10007CAB21 /* Products */;
			projectDirPath = "";
			projectRoot = "";
			targets = (
				F3B26F952C65ED10007CAB21 /* MOGO */,
			);
		};
/* End PBXProject section */

/* Begin PBXResourcesBuildPhase section */
		F3B26F942C65ED10007CAB21 /* Resources */ = {
			isa = PBXResourcesBuildPhase;
			buildActionMask = 2147483647;
			files = (
				F3B26FEA2C67F357007CAB21 /* Rambla-Bold.ttf in Resources */,
				F3B26FE52C67B5D9007CAB21 /* Urbanist-Medium.ttf in Resources */,
				F3B26FD62C677A0E007CAB21 /* Urbanist-Bold.ttf in Resources */,
				6EFF0B652C67BCF500DB80DC /* Pretendard-Light.otf in Resources */,
				F3B26FD72C677A0E007CAB21 /* Urbanist-SemiBold.ttf in Resources */,
				F3B26FA12C65ED11007CAB21 /* Preview Assets.xcassets in Resources */,
				6EFF0B632C67BC8D00DB80DC /* Pretendard-Regular.otf in Resources */,
				F3B26F9E2C65ED11007CAB21 /* Assets.xcassets in Resources */,
				6EFF0B672C67C2D700DB80DC /* Pretendard-Bold.otf in Resources */,
				6EFF0B612C67BC5F00DB80DC /* Pretendard-Medium.otf in Resources */,
			);
			runOnlyForDeploymentPostprocessing = 0;
		};
/* End PBXResourcesBuildPhase section */

/* Begin PBXSourcesBuildPhase section */
		F3B26F922C65ED10007CAB21 /* Sources */ = {
			isa = PBXSourcesBuildPhase;
			buildActionMask = 2147483647;
			files = (
				F3B26F9C2C65ED10007CAB21 /* ContentView.swift in Sources */,
				F3B26FBC2C65F936007CAB21 /* ShapeStyle+Color.swift in Sources */,
				F3B26FC22C672643007CAB21 /* DataRepository.swift in Sources */,
				F3B26FE82C67D3A4007CAB21 /* BabyTalk.swift in Sources */,
				F3B26F9A2C65ED10007CAB21 /* AppView.swift in Sources */,
				F3B26FB82C65F8FB007CAB21 /* IOView.swift in Sources */,
				6EFF0B5F2C67A1FF00DB80DC /* ResultView.swift in Sources */,
				F3B26FB32C65F8AC007CAB21 /* BreaView.swift in Sources */,
				F3B26FD92C677CDF007CAB21 /* CustomPicker.swift in Sources */,
				F3B26FDB2C6791B1007CAB21 /* MainView.swift in Sources */,
				F3B26FC02C671959007CAB21 /* BarcodeScannerView.swift in Sources */,
				F3B26FDF2C679A82007CAB21 /* StoreKey.swift in Sources */,
				F3B26FC52C6726C6007CAB21 /* Readable.swift in Sources */,
				F3B26FBE2C65F950007CAB21 /* View+MogoFont.swift in Sources */,
				F3B26FAD2C65F6DF007CAB21 /* MogoModel.swift in Sources */,
				F3B26FE32C67B2D5007CAB21 /* BabyViewState.swift in Sources */,
				F3B26FEC2C67F522007CAB21 /* PregnantState.swift in Sources */,
				6EFF0B692C67CCCF00DB80DC /* ResultItem.swift in Sources */,
				F3B26FCC2C6750CC007CAB21 /* OnBoardingView.swift in Sources */,
			);
			runOnlyForDeploymentPostprocessing = 0;
		};
/* End PBXSourcesBuildPhase section */

/* Begin XCBuildConfiguration section */
		F3B26FA22C65ED11007CAB21 /* Debug */ = {
			isa = XCBuildConfiguration;
			buildSettings = {
				ALWAYS_SEARCH_USER_PATHS = NO;
				ASSETCATALOG_COMPILER_GENERATE_SWIFT_ASSET_SYMBOL_EXTENSIONS = YES;
				CLANG_ANALYZER_NONNULL = YES;
				CLANG_ANALYZER_NUMBER_OBJECT_CONVERSION = YES_AGGRESSIVE;
				CLANG_CXX_LANGUAGE_STANDARD = "gnu++20";
				CLANG_ENABLE_MODULES = YES;
				CLANG_ENABLE_OBJC_ARC = YES;
				CLANG_ENABLE_OBJC_WEAK = YES;
				CLANG_WARN_BLOCK_CAPTURE_AUTORELEASING = YES;
				CLANG_WARN_BOOL_CONVERSION = YES;
				CLANG_WARN_COMMA = YES;
				CLANG_WARN_CONSTANT_CONVERSION = YES;
				CLANG_WARN_DEPRECATED_OBJC_IMPLEMENTATIONS = YES;
				CLANG_WARN_DIRECT_OBJC_ISA_USAGE = YES_ERROR;
				CLANG_WARN_DOCUMENTATION_COMMENTS = YES;
				CLANG_WARN_EMPTY_BODY = YES;
				CLANG_WARN_ENUM_CONVERSION = YES;
				CLANG_WARN_INFINITE_RECURSION = YES;
				CLANG_WARN_INT_CONVERSION = YES;
				CLANG_WARN_NON_LITERAL_NULL_CONVERSION = YES;
				CLANG_WARN_OBJC_IMPLICIT_RETAIN_SELF = YES;
				CLANG_WARN_OBJC_LITERAL_CONVERSION = YES;
				CLANG_WARN_OBJC_ROOT_CLASS = YES_ERROR;
				CLANG_WARN_QUOTED_INCLUDE_IN_FRAMEWORK_HEADER = YES;
				CLANG_WARN_RANGE_LOOP_ANALYSIS = YES;
				CLANG_WARN_STRICT_PROTOTYPES = YES;
				CLANG_WARN_SUSPICIOUS_MOVE = YES;
				CLANG_WARN_UNGUARDED_AVAILABILITY = YES_AGGRESSIVE;
				CLANG_WARN_UNREACHABLE_CODE = YES;
				CLANG_WARN__DUPLICATE_METHOD_MATCH = YES;
				COPY_PHASE_STRIP = NO;
				DEBUG_INFORMATION_FORMAT = dwarf;
				ENABLE_STRICT_OBJC_MSGSEND = YES;
				ENABLE_TESTABILITY = YES;
				ENABLE_USER_SCRIPT_SANDBOXING = YES;
				GCC_C_LANGUAGE_STANDARD = gnu17;
				GCC_DYNAMIC_NO_PIC = NO;
				GCC_NO_COMMON_BLOCKS = YES;
				GCC_OPTIMIZATION_LEVEL = 0;
				GCC_PREPROCESSOR_DEFINITIONS = (
					"DEBUG=1",
					"$(inherited)",
				);
				GCC_WARN_64_TO_32_BIT_CONVERSION = YES;
				GCC_WARN_ABOUT_RETURN_TYPE = YES_ERROR;
				GCC_WARN_UNDECLARED_SELECTOR = YES;
				GCC_WARN_UNINITIALIZED_AUTOS = YES_AGGRESSIVE;
				GCC_WARN_UNUSED_FUNCTION = YES;
				GCC_WARN_UNUSED_VARIABLE = YES;
				IPHONEOS_DEPLOYMENT_TARGET = 17.5;
				LOCALIZATION_PREFERS_STRING_CATALOGS = YES;
				MTL_ENABLE_DEBUG_INFO = INCLUDE_SOURCE;
				MTL_FAST_MATH = YES;
				ONLY_ACTIVE_ARCH = YES;
				SDKROOT = iphoneos;
				SWIFT_ACTIVE_COMPILATION_CONDITIONS = "DEBUG $(inherited)";
				SWIFT_OPTIMIZATION_LEVEL = "-Onone";
			};
			name = Debug;
		};
		F3B26FA32C65ED11007CAB21 /* Release */ = {
			isa = XCBuildConfiguration;
			buildSettings = {
				ALWAYS_SEARCH_USER_PATHS = NO;
				ASSETCATALOG_COMPILER_GENERATE_SWIFT_ASSET_SYMBOL_EXTENSIONS = YES;
				CLANG_ANALYZER_NONNULL = YES;
				CLANG_ANALYZER_NUMBER_OBJECT_CONVERSION = YES_AGGRESSIVE;
				CLANG_CXX_LANGUAGE_STANDARD = "gnu++20";
				CLANG_ENABLE_MODULES = YES;
				CLANG_ENABLE_OBJC_ARC = YES;
				CLANG_ENABLE_OBJC_WEAK = YES;
				CLANG_WARN_BLOCK_CAPTURE_AUTORELEASING = YES;
				CLANG_WARN_BOOL_CONVERSION = YES;
				CLANG_WARN_COMMA = YES;
				CLANG_WARN_CONSTANT_CONVERSION = YES;
				CLANG_WARN_DEPRECATED_OBJC_IMPLEMENTATIONS = YES;
				CLANG_WARN_DIRECT_OBJC_ISA_USAGE = YES_ERROR;
				CLANG_WARN_DOCUMENTATION_COMMENTS = YES;
				CLANG_WARN_EMPTY_BODY = YES;
				CLANG_WARN_ENUM_CONVERSION = YES;
				CLANG_WARN_INFINITE_RECURSION = YES;
				CLANG_WARN_INT_CONVERSION = YES;
				CLANG_WARN_NON_LITERAL_NULL_CONVERSION = YES;
				CLANG_WARN_OBJC_IMPLICIT_RETAIN_SELF = YES;
				CLANG_WARN_OBJC_LITERAL_CONVERSION = YES;
				CLANG_WARN_OBJC_ROOT_CLASS = YES_ERROR;
				CLANG_WARN_QUOTED_INCLUDE_IN_FRAMEWORK_HEADER = YES;
				CLANG_WARN_RANGE_LOOP_ANALYSIS = YES;
				CLANG_WARN_STRICT_PROTOTYPES = YES;
				CLANG_WARN_SUSPICIOUS_MOVE = YES;
				CLANG_WARN_UNGUARDED_AVAILABILITY = YES_AGGRESSIVE;
				CLANG_WARN_UNREACHABLE_CODE = YES;
				CLANG_WARN__DUPLICATE_METHOD_MATCH = YES;
				COPY_PHASE_STRIP = NO;
				DEBUG_INFORMATION_FORMAT = "dwarf-with-dsym";
				ENABLE_NS_ASSERTIONS = NO;
				ENABLE_STRICT_OBJC_MSGSEND = YES;
				ENABLE_USER_SCRIPT_SANDBOXING = YES;
				GCC_C_LANGUAGE_STANDARD = gnu17;
				GCC_NO_COMMON_BLOCKS = YES;
				GCC_WARN_64_TO_32_BIT_CONVERSION = YES;
				GCC_WARN_ABOUT_RETURN_TYPE = YES_ERROR;
				GCC_WARN_UNDECLARED_SELECTOR = YES;
				GCC_WARN_UNINITIALIZED_AUTOS = YES_AGGRESSIVE;
				GCC_WARN_UNUSED_FUNCTION = YES;
				GCC_WARN_UNUSED_VARIABLE = YES;
				IPHONEOS_DEPLOYMENT_TARGET = 17.5;
				LOCALIZATION_PREFERS_STRING_CATALOGS = YES;
				MTL_ENABLE_DEBUG_INFO = NO;
				MTL_FAST_MATH = YES;
				SDKROOT = iphoneos;
				SWIFT_COMPILATION_MODE = wholemodule;
				VALIDATE_PRODUCT = YES;
			};
			name = Release;
		};
		F3B26FA52C65ED11007CAB21 /* Debug */ = {
			isa = XCBuildConfiguration;
			buildSettings = {
				ASSETCATALOG_COMPILER_APPICON_NAME = AppIcon;
				ASSETCATALOG_COMPILER_GLOBAL_ACCENT_COLOR_NAME = AccentColor;
				CODE_SIGN_STYLE = Automatic;
				CURRENT_PROJECT_VERSION = 1;
				DEVELOPMENT_ASSET_PATHS = "\"MOGO/Preview Content\"";
				DEVELOPMENT_TEAM = QVX6L7QGV2;
				ENABLE_PREVIEWS = YES;
				GENERATE_INFOPLIST_FILE = YES;
				INFOPLIST_FILE = MOGO/Info.plist;
				INFOPLIST_KEY_NSCameraUsageDescription = "바코드를 통해 식품 정보를 판별합니다";
				INFOPLIST_KEY_UIApplicationSceneManifest_Generation = YES;
				INFOPLIST_KEY_UIApplicationSupportsIndirectInputEvents = YES;
				INFOPLIST_KEY_UILaunchScreen_Generation = YES;
				INFOPLIST_KEY_UISupportedInterfaceOrientations_iPad = "UIInterfaceOrientationPortrait UIInterfaceOrientationPortraitUpsideDown UIInterfaceOrientationLandscapeLeft UIInterfaceOrientationLandscapeRight";
				INFOPLIST_KEY_UISupportedInterfaceOrientations_iPhone = "UIInterfaceOrientationPortrait UIInterfaceOrientationLandscapeLeft UIInterfaceOrientationLandscapeRight";
				LD_RUNPATH_SEARCH_PATHS = (
					"$(inherited)",
					"@executable_path/Frameworks",
				);
				MARKETING_VERSION = 1.0;
				PRODUCT_BUNDLE_IDENTIFIER = com.junction.MOGO;
				PRODUCT_NAME = "$(TARGET_NAME)";
				SUPPORTED_PLATFORMS = "iphoneos iphonesimulator";
				SUPPORTS_MACCATALYST = NO;
				SUPPORTS_MAC_DESIGNED_FOR_IPHONE_IPAD = NO;
				SUPPORTS_XR_DESIGNED_FOR_IPHONE_IPAD = NO;
				SWIFT_EMIT_LOC_STRINGS = YES;
				SWIFT_VERSION = 5.0;
				TARGETED_DEVICE_FAMILY = 1;
			};
			name = Debug;
		};
		F3B26FA62C65ED11007CAB21 /* Release */ = {
			isa = XCBuildConfiguration;
			buildSettings = {
				ASSETCATALOG_COMPILER_APPICON_NAME = AppIcon;
				ASSETCATALOG_COMPILER_GLOBAL_ACCENT_COLOR_NAME = AccentColor;
				CODE_SIGN_STYLE = Automatic;
				CURRENT_PROJECT_VERSION = 1;
				DEVELOPMENT_ASSET_PATHS = "\"MOGO/Preview Content\"";
				DEVELOPMENT_TEAM = QVX6L7QGV2;
				ENABLE_PREVIEWS = YES;
				GENERATE_INFOPLIST_FILE = YES;
				INFOPLIST_FILE = MOGO/Info.plist;
				INFOPLIST_KEY_NSCameraUsageDescription = "바코드를 통해 식품 정보를 판별합니다";
				INFOPLIST_KEY_UIApplicationSceneManifest_Generation = YES;
				INFOPLIST_KEY_UIApplicationSupportsIndirectInputEvents = YES;
				INFOPLIST_KEY_UILaunchScreen_Generation = YES;
				INFOPLIST_KEY_UISupportedInterfaceOrientations_iPad = "UIInterfaceOrientationPortrait UIInterfaceOrientationPortraitUpsideDown UIInterfaceOrientationLandscapeLeft UIInterfaceOrientationLandscapeRight";
				INFOPLIST_KEY_UISupportedInterfaceOrientations_iPhone = "UIInterfaceOrientationPortrait UIInterfaceOrientationLandscapeLeft UIInterfaceOrientationLandscapeRight";
				LD_RUNPATH_SEARCH_PATHS = (
					"$(inherited)",
					"@executable_path/Frameworks",
				);
				MARKETING_VERSION = 1.0;
				PRODUCT_BUNDLE_IDENTIFIER = com.junction.MOGO;
				PRODUCT_NAME = "$(TARGET_NAME)";
				SUPPORTED_PLATFORMS = "iphoneos iphonesimulator";
				SUPPORTS_MACCATALYST = NO;
				SUPPORTS_MAC_DESIGNED_FOR_IPHONE_IPAD = NO;
				SUPPORTS_XR_DESIGNED_FOR_IPHONE_IPAD = NO;
				SWIFT_EMIT_LOC_STRINGS = YES;
				SWIFT_VERSION = 5.0;
				TARGETED_DEVICE_FAMILY = 1;
			};
			name = Release;
		};
/* End XCBuildConfiguration section */

/* Begin XCConfigurationList section */
		F3B26F912C65ED10007CAB21 /* Build configuration list for PBXProject "MOGO" */ = {
			isa = XCConfigurationList;
			buildConfigurations = (
				F3B26FA22C65ED11007CAB21 /* Debug */,
				F3B26FA32C65ED11007CAB21 /* Release */,
			);
			defaultConfigurationIsVisible = 0;
			defaultConfigurationName = Release;
		};
		F3B26FA42C65ED11007CAB21 /* Build configuration list for PBXNativeTarget "MOGO" */ = {
			isa = XCConfigurationList;
			buildConfigurations = (
				F3B26FA52C65ED11007CAB21 /* Debug */,
				F3B26FA62C65ED11007CAB21 /* Release */,
			);
			defaultConfigurationIsVisible = 0;
			defaultConfigurationName = Release;
		};
/* End XCConfigurationList section */
	};
	rootObject = F3B26F8E2C65ED10007CAB21 /* Project object */;
}
